Microsoft Visual Studio Solution File, Format Version 11.00
# Visual Studio 2008

Project("{2316B133-DB56-EFE7-B550-6E64C55BEF7B}") = "WuZhiCHi-ALAN", "Assembly-CSharp.csproj", "{3B78ACB5-C4CD-A695-ECCF-490B9FF6ECB7}"
EndProject
Global
	GlobalSection(SolutionConfigurationPlatforms) = preSolution
		Debug|Any CPU = Debug|Any CPU
		Release|Any CPU = Release|Any CPU
	EndGlobalSection
	GlobalSection(ProjectConfigurationPlatforms) = postSolution
		{3B78ACB5-C4CD-A695-ECCF-490B9FF6ECB7}.Debug|Any CPU.ActiveCfg = Debug|Any CPU
		{3B78ACB5-C4CD-A695-ECCF-490B9FF6ECB7}.Debug|Any CPU.Build.0 = Debug|Any CPU
		{3B78ACB5-C4CD-A695-ECCF-490B9FF6ECB7}.Release|Any CPU.ActiveCfg = Release|Any CPU
		{3B78ACB5-C4CD-A695-ECCF-490B9FF6ECB7}.Release|Any CPU.Build.0 = Release|Any CPU
	EndGlobalSection
	GlobalSection(SolutionProperties) = preSolution
		HideSolutionNode = FALSE
	EndGlobalSection
	GlobalSection(MonoDevelopProperties) = preSolution
		StartupItem = Assembly-CSharp.csproj
	EndGlobalSection
EndGlobal
